{
    "_meta": {
        "hash": {
            "sha256": "893c66c127d214735158ddcaa2bd21b3904f335d0b408023d39691df1406f093"
        },
        "pipfile-spec": 6,
        "requires": {
            "python_full_version": "3.10.11",
            "python_version": "3.10"
        },
        "sources": [
            {
                "name": "pypi",
                "url": "https://pypi.org/simple",
                "verify_ssl": true
            }
        ]
    },
    "default": {
        "altgraph": {
            "hashes": [
                "sha256:1b5afbb98f6c4dcadb2e2ae6ab9fa994bbb8c1d75f4fa96d340f9437ae454406",
                "sha256:642743b4750de17e655e6711601b077bc6598dbfa3ba5fa2b2a35ce12b508dff"
            ],
            "version": "==0.17.4"
        },
        "packaging": {
            "hashes": [
                "sha256:048fb0e9405036518eaaf48a55953c750c11e1a1b68e0dd1a9d62ed0c092cfc5",
                "sha256:8c491190033a9af7e1d931d0b5dacc2ef47509b34dd0de67ed209b5203fc88c7"
            ],
            "markers": "python_version >= '3.7'",
            "version": "==23.2"
        },
        "pefile": {
            "hashes": [
                "sha256:82e6114004b3d6911c77c3953e3838654b04511b8b66e8583db70c65998017dc",
                "sha256:da185cd2af68c08a6cd4481f7325ed600a88f6a813bad9dea07ab3ef73d8d8d6"
            ],
            "markers": "sys_platform == 'win32'",
            "version": "==2023.2.7"
        },
        "pyinstaller": {
            "hashes": [
                "sha256:0597fb04337695e5cc5250253e0655530bf14f264b7a5b7d219cc65f6889c4bd",
                "sha256:156b32ba943e0090bcc68e40ae1cb68fd92b7f1ab6fe0bdf8faf3d3cfc4e12dd",
                "sha256:1eadbd1fae84e2e6c678d8b4ed6a232ec5c8fe3a839aea5a3071c4c0282f98cc",
                "sha256:41c937fe8f07ae02009b3b5a96ac3eb0800a4f8a97af142d4100060fe2135bb9",
                "sha256:75a6f2a6f835a2e6e0899d10e60c10caf5defd25aced38b1dd48fbbabc89de07",
                "sha256:886b3b995b674905a20ad5b720b47cc395897d7b391117831027a4c8c5d67a58",
                "sha256:914d4c96cc99472e37ac552fdd82fbbe09e67bb592d0717fcffaa99ea74273df",
                "sha256:96c37a1ee5b2fd5bb25c098ef510661d6d17b6515d0b86d8fc93727dd2475ba3",
                "sha256:abe91106a3bbccc3f3a27af4325676ecdb6f46cb842ac663625002a870fc503b",
                "sha256:b721d793a33b6d9946c7dd95d3ea7589c0424b51cf1b9fe580f03c544f1336b2",
                "sha256:de25beb176f73a944758553caacec46cc665bf3910ad8a174706d79cf6e95340",
                "sha256:e436fcc0ea87c3f132baac916d508c24c84a8f6d8a06c3154fbc753f169b76c7"
            ],
            "index": "pypi",
            "version": "==6.3.0"
        },
        "pyinstaller-hooks-contrib": {
            "hashes": [
                "sha256:5dd7a8a054a65c19cdaa381cabcfbe76f44d5f88d18214b0c570a0cd139be77f",
                "sha256:f2a75dac2968ec81f92dcd3768906f654fa4204bc496126ae8483e87a5d89602"
            ],
            "markers": "python_version >= '3.7'",
            "version": "==2023.11"
        },
        "pywin32-ctypes": {
            "hashes": [
                "sha256:3426e063bdd5fd4df74a14fa3cf80a0b42845a87e1d1e81f6549f9daec593a60",
                "sha256:bf490a1a709baf35d688fe0ecf980ed4de11d2b3e37b51e5442587a75d9957e7"
            ],
            "markers": "sys_platform == 'win32'",
            "version": "==0.2.2"
        },
        "setuptools": {
            "hashes": [
                "sha256:385eb4edd9c9d5c17540511303e39a147ce2fc04bc55289c322b9e5904fe2c05",
                "sha256:be1af57fc409f93647f2e8e4573a142ed38724b8cdd389706a867bb4efcf1e78"
            ],
            "index": "pypi",
            "version": "==69.0.3"
        },
        "tkinterdnd2": {
            "hashes": [
                "sha256:cb9d72634c42ff2e5a6e34823ef02f7722a5b6ad5cec5e1de82ec8f0c371a614",
                "sha256:ef3ff4894c75e21ddc3252eb6d1292670824bf20240b9e82da9240631bbe63fe"
            ],
            "index": "pypi",
            "version": "==0.3.0"
        },
        "usd-core": {
            "hashes": [
                "sha256:0fb4740775ce83e6426c3c39ec5827783f3f0c4b3adfb039960fb55fc02d3f36",
                "sha256:10d6bb0d7d2f960adb52b0602d826c648591a7c1e3d1f3ef141352d5ad288f9e",
                "sha256:127d2fdd72af0bc27eef1e53caf01397b8f8aa5aaa6f04534391bcdc95dd16ff",
                "sha256:36da17a8edf652bd90cdb436a5ca22baac9fdd23c562ad515a658e033155b7ed",
                "sha256:3c6234622859f92bb2c3f03eb7a67e573a8576deb272a269c0657fd13907b33f",
                "sha256:42019406e96efb50b95eafbe2353cd0777e3856c00848a0bcd5c63a17c6e5049",
                "sha256:487397fdc9d1ad45cad542e62683087a37c586fce258104248fed8fcb2c055d6",
                "sha256:4b6b826c85650ad27b56e285036913a406701c080790d0347322b9ad0dbc3e8c",
                "sha256:73633919098739466653fa63d7a5139dd100c4cb52cccc8484a25c211305d8b1",
                "sha256:74d4512da6c70084807db8b7471c257f2b14717d2762445571a597af956426e4",
                "sha256:962e98aaa3713889b302adfd725c501acc7ce48c80acbeb0f4a1ce3eb3148935",
                "sha256:9807c6457eabb3bc10d47460ce7c7eefa94b1e9f64a1015b31319768ad3df5bb",
                "sha256:ae770acf18be72370c1c0107da57856b2538356cd07c85fd2a02e8fad34ffe00",
                "sha256:cd43990c63ab3a2615203ad83c91ffd8263c56b3fe181444d3d8ce2ff0aa8503",
                "sha256:d6d6886cfd1aa4a601185803ce44f1054444dff43c1447025395b3294007711b"
            ],
            "index": "pypi",
            "version": "==23.11"
        }
    },
    "develop": {}
}
